
Microsoft Visual Studio Solution File, Format Version 12.00
# Visual Studio Version 17
VisualStudioVersion = 17.11.35327.3
MinimumVisualStudioVersion = 10.0.40219.1
Project("{9A19103F-16F7-4668-BE54-9A1E7A4F7556}") = "LoginGoldCS", "LoginGoldCS.csproj", "{0610D910-4FA1-47B5-A434-4192BEF3435F}"
EndProject
Global
	GlobalSection(SolutionConfigurationPlatforms) = preSolution
		Debug|Any CPU = Debug|Any CPU
		Release|Any CPU = Release|Any CPU
	EndGlobalSection
	GlobalSection(ProjectConfigurationPlatforms) = postSolution
		{0610D910-4FA1-47B5-A434-4192BEF3435F}.Debug|Any CPU.ActiveCfg = Debug|Any CPU
		{0610D910-4FA1-47B5-A434-4192BEF3435F}.Debug|Any CPU.Build.0 = Debug|Any CPU
		{0610D910-4FA1-47B5-A434-4192BEF3435F}.Release|Any CPU.ActiveCfg = Release|Any CPU
		{0610D910-4FA1-47B5-A434-4192BEF3435F}.Release|Any CPU.Build.0 = Release|Any CPU
	EndGlobalSection
	GlobalSection(SolutionProperties) = preSolution
		HideSolutionNode = FALSE
	EndGlobalSection
	GlobalSection(ExtensibilityGlobals) = postSolution
		SolutionGuid = {D034D852-387F-43B1-9DD0-AD651D4259FA}
	EndGlobalSection
EndGlobal
